
Microsoft Visual Studio Solution File, Format Version 12.00
# Visual Studio Version 16
VisualStudioVersion = 16.0.31410.357
MinimumVisualStudioVersion = 10.0.40219.1
Project("{FAE04EC0-301F-11D3-BF4B-00C04F79EFBC}") = "OmegaBigBoxMonitor", "OmegaBigBoxMonitor\OmegaBigBoxMonitor.csproj", "{89072DF0-690A-4B86-83DE-5317CC286E71}"
EndProject
Global
	GlobalSection(SolutionConfigurationPlatforms) = preSolution
		Debug|Any CPU = Debug|Any CPU
		Release|Any CPU = Release|Any CPU
	EndGlobalSection
	GlobalSection(ProjectConfigurationPlatforms) = postSolution
		{89072DF0-690A-4B86-83DE-5317CC286E71}.Debug|Any CPU.ActiveCfg = Debug|Any CPU
		{89072DF0-690A-4B86-83DE-5317CC286E71}.Debug|Any CPU.Build.0 = Debug|Any CPU
		{89072DF0-690A-4B86-83DE-5317CC286E71}.Release|Any CPU.ActiveCfg = Release|Any CPU
		{89072DF0-690A-4B86-83DE-5317CC286E71}.Release|Any CPU.Build.0 = Release|Any CPU
	EndGlobalSection
	GlobalSection(SolutionProperties) = preSolution
		HideSolutionNode = FALSE
	EndGlobalSection
	GlobalSection(ExtensibilityGlobals) = postSolution
		SolutionGuid = {950035EF-EF12-4D0F-8BA6-78B6D2754DE1}
	EndGlobalSection
EndGlobal
